#MicroXplorer Configuration settings - do not modify
CAD.formats=
CAD.pinconfig=
CAD.provider=
CAN1.ABOM=ENABLE
CAN1.BS1=CAN_BS1_9TQ
CAN1.BS2=CAN_BS2_4TQ
CAN1.CalculateBaudRate=1000000
CAN1.CalculateTimeBit=1000
CAN1.CalculateTimeQuantum=71.42857142857143
CAN1.IPParameters=CalculateTimeQuantum,CalculateTimeBit,CalculateBaudRate,Prescaler,BS2,BS1,ABOM
CAN1.Prescaler=3
CAN2.ABOM=ENABLE
CAN2.BS1=CAN_BS1_9TQ
CAN2.BS2=CAN_BS2_4TQ
CAN2.CalculateBaudRate=1000000
CAN2.CalculateTimeBit=1000
CAN2.CalculateTimeQuantum=71.42857142857143
CAN2.IPParameters=CalculateTimeQuantum,CalculateTimeBit,CalculateBaudRate,BS1,BS2,Prescaler,ABOM
CAN2.Prescaler=3
FREERTOS.FootprintOK=true
FREERTOS.IPParameters=Tasks01,FootprintOK
FREERTOS.Tasks01=FSM_switch,24,512,FSM_Task,Default,NULL,Dynamic,NULL,NULL;Chassis,16,512,Chassis_Task,Default,NULL,Dynamic,NULL,NULL;Seed,8,512,Seed_Task,Default,NULL,Dynamic,NULL,NULL;Shoot,8,512,Shoot_Task,Default,NULL,Dynamic,NULL,NULL;Move,16,512,Move_Task,Default,NULL,Dynamic,NULL,NULL
File.Version=6
GPIO.groupedBy=Group By Peripherals
KeepUserPlacement=false
Mcu.CPN=STM32F407ZGT6
Mcu.Family=STM32F4
Mcu.IP0=CAN1
Mcu.IP1=CAN2
Mcu.IP10=USART1
Mcu.IP2=FREERTOS
Mcu.IP3=NVIC
Mcu.IP4=RCC
Mcu.IP5=SYS
Mcu.IP6=TIM2
Mcu.IP7=TIM13
Mcu.IP8=TIM14
Mcu.IP9=UART4
Mcu.IPNb=11
Mcu.Name=STM32F407Z(E-G)Tx
Mcu.Package=LQFP144
Mcu.Pin0=PC14-OSC32_IN
Mcu.Pin1=PC15-OSC32_OUT
Mcu.Pin10=PA4
Mcu.Pin11=PA5
Mcu.Pin12=PA6
Mcu.Pin13=PB12
Mcu.Pin14=PB13
Mcu.Pin15=PA9
Mcu.Pin16=PA10
Mcu.Pin17=PA11
Mcu.Pin18=PA12
Mcu.Pin19=PA13
Mcu.Pin2=PF7
Mcu.Pin20=PA14
Mcu.Pin21=VP_FREERTOS_VS_CMSIS_V2
Mcu.Pin22=VP_SYS_VS_tim3
Mcu.Pin23=VP_TIM2_VS_ClockSourceINT
Mcu.Pin24=VP_TIM13_VS_ClockSourceINT
Mcu.Pin25=VP_TIM14_VS_ClockSourceINT
Mcu.Pin3=PF8
Mcu.Pin4=PF9
Mcu.Pin5=PH0-OSC_IN
Mcu.Pin6=PH1-OSC_OUT
Mcu.Pin7=PA0-WKUP
Mcu.Pin8=PA1
Mcu.Pin9=PA3
Mcu.PinsNb=26
Mcu.ThirdPartyNb=0
Mcu.UserConstants=
Mcu.UserName=STM32F407ZGTx
MxCube.Version=6.9.1
MxDb.Version=DB.6.0.91
NVIC.BusFault_IRQn=true\:0\:0\:false\:false\:true\:false\:false\:false\:false
NVIC.CAN1_RX0_IRQn=true\:5\:0\:false\:false\:true\:true\:true\:true\:true
NVIC.CAN2_RX0_IRQn=true\:5\:0\:false\:false\:true\:true\:true\:true\:true
NVIC.DebugMonitor_IRQn=true\:0\:0\:false\:false\:true\:false\:false\:false\:false
NVIC.EXTI9_5_IRQn=true\:5\:0\:false\:false\:true\:false\:true\:true\:true
NVIC.ForceEnableDMAVector=true
NVIC.HardFault_IRQn=true\:0\:0\:false\:false\:true\:false\:false\:false\:false
NVIC.MemoryManagement_IRQn=true\:0\:0\:false\:false\:true\:false\:false\:false\:false
NVIC.NonMaskableInt_IRQn=true\:0\:0\:false\:false\:true\:false\:false\:false\:false
NVIC.PendSV_IRQn=true\:15\:0\:false\:false\:false\:true\:false\:false\:false
NVIC.PriorityGroup=NVIC_PRIORITYGROUP_4
NVIC.SVCall_IRQn=true\:0\:0\:false\:false\:false\:false\:false\:false\:false
NVIC.SavedPendsvIrqHandlerGenerated=true
NVIC.SavedSvcallIrqHandlerGenerated=true
NVIC.SavedSystickIrqHandlerGenerated=true
NVIC.SysTick_IRQn=true\:15\:0\:false\:false\:false\:true\:false\:true\:false
NVIC.TIM2_IRQn=true\:5\:0\:false\:false\:true\:true\:true\:true\:true
NVIC.TIM3_IRQn=true\:15\:0\:false\:false\:true\:false\:false\:true\:true
NVIC.TIM8_TRG_COM_TIM14_IRQn=true\:5\:0\:false\:false\:true\:true\:true\:true\:true
NVIC.TIM8_UP_TIM13_IRQn=true\:5\:0\:false\:false\:true\:true\:true\:true\:true
NVIC.TimeBase=TIM3_IRQn
NVIC.TimeBaseIP=TIM3
NVIC.UART4_IRQn=true\:5\:0\:false\:false\:true\:true\:true\:true\:true
NVIC.UsageFault_IRQn=true\:0\:0\:false\:false\:true\:false\:false\:false\:false
PA0-WKUP.Mode=Asynchronous
PA0-WKUP.Signal=UART4_TX
PA1.Mode=Asynchronous
PA1.Signal=UART4_RX
PA10.Mode=Asynchronous
PA10.Signal=USART1_RX
PA11.Mode=CAN_Activate
PA11.Signal=CAN1_RX
PA12.Mode=CAN_Activate
PA12.Signal=CAN1_TX
PA13.Mode=Serial_Wire
PA13.Signal=SYS_JTMS-SWDIO
PA14.Mode=Serial_Wire
PA14.Signal=SYS_JTCK-SWCLK
PA3.GPIOParameters=GPIO_Label
PA3.GPIO_Label=finger2
PA3.Locked=true
PA3.Signal=GPIO_Output
PA4.GPIOParameters=GPIO_Label
PA4.GPIO_Label=stretch
PA4.Locked=true
PA4.Signal=GPIO_Output
PA5.GPIOParameters=GPIO_Label
PA5.GPIO_Label=finger1
PA5.Locked=true
PA5.Signal=GPIO_Output
PA6.GPIOParameters=GPIO_Label
PA6.GPIO_Label=load
PA6.Locked=true
PA6.Signal=GPIO_Output
PA9.Mode=Asynchronous
PA9.Signal=USART1_TX
PB12.Mode=CAN_Activate
PB12.Signal=CAN2_RX
PB13.Mode=CAN_Activate
PB13.Signal=CAN2_TX
PC14-OSC32_IN.Mode=LSE-External-Oscillator
PC14-OSC32_IN.Signal=RCC_OSC32_IN
PC15-OSC32_OUT.Mode=LSE-External-Oscillator
PC15-OSC32_OUT.Signal=RCC_OSC32_OUT
PF7.Locked=true
PF7.Signal=GPXTI7
PF8.Locked=true
PF8.Signal=S_TIM13_CH1
PF9.Locked=true
PF9.Signal=S_TIM14_CH1
PH0-OSC_IN.Mode=HSE-External-Oscillator
PH0-OSC_IN.Signal=RCC_OSC_IN
PH1-OSC_OUT.Mode=HSE-External-Oscillator
PH1-OSC_OUT.Signal=RCC_OSC_OUT
PinOutPanel.RotationAngle=0
ProjectManager.AskForMigrate=true
ProjectManager.BackupPrevious=false
ProjectManager.CompilerOptimize=6
ProjectManager.ComputerToolchain=false
ProjectManager.CoupleFile=true
ProjectManager.CustomerFirmwarePackage=
ProjectManager.DefaultFWLocation=true
ProjectManager.DeletePrevious=true
ProjectManager.DeviceId=STM32F407ZGTx
ProjectManager.FirmwarePackage=STM32Cube FW_F4 V1.27.1
ProjectManager.FreePins=false
ProjectManager.HalAssertFull=false
ProjectManager.HeapSize=0x200
ProjectManager.KeepUserCode=true
ProjectManager.LastFirmware=true
ProjectManager.LibraryCopy=0
ProjectManager.MainLocation=Core/Src
ProjectManager.NoMain=false
ProjectManager.PreviousToolchain=
ProjectManager.ProjectBuild=false
ProjectManager.ProjectFileName=2024RC_A_R1.ioc
ProjectManager.ProjectName=2024RC_A_R1
ProjectManager.ProjectStructure=
ProjectManager.RegisterCallBack=
ProjectManager.StackSize=0x400
ProjectManager.TargetToolchain=MDK-ARM V5.32
ProjectManager.ToolChainLocation=
ProjectManager.UAScriptAfterPath=
ProjectManager.UAScriptBeforePath=
ProjectManager.UnderRoot=false
ProjectManager.functionlistsort=1-SystemClock_Config-RCC-false-HAL-false,2-MX_GPIO_Init-GPIO-false-HAL-true,3-MX_CAN1_Init-CAN1-false-HAL-true,4-MX_CAN2_Init-CAN2-false-HAL-true,5-MX_TIM2_Init-TIM2-false-HAL-true,6-MX_TIM13_Init-TIM13-false-HAL-true,7-MX_TIM14_Init-TIM14-false-HAL-true,8-MX_UART4_Init-UART4-false-HAL-true
RCC.48MHZClocksFreq_Value=84000000
RCC.AHBFreq_Value=168000000
RCC.APB1CLKDivider=RCC_HCLK_DIV4
RCC.APB1Freq_Value=42000000
RCC.APB1TimFreq_Value=84000000
RCC.APB2CLKDivider=RCC_HCLK_DIV2
RCC.APB2Freq_Value=84000000
RCC.APB2TimFreq_Value=168000000
RCC.CortexFreq_Value=168000000
RCC.EthernetFreq_Value=168000000
RCC.FCLKCortexFreq_Value=168000000
RCC.FamilyName=M
RCC.HCLKFreq_Value=168000000
RCC.HSE_VALUE=8000000
RCC.HSI_VALUE=16000000
RCC.I2SClocksFreq_Value=192000000
RCC.IPParameters=48MHZClocksFreq_Value,AHBFreq_Value,APB1CLKDivider,APB1Freq_Value,APB1TimFreq_Value,APB2CLKDivider,APB2Freq_Value,APB2TimFreq_Value,CortexFreq_Value,EthernetFreq_Value,FCLKCortexFreq_Value,FamilyName,HCLKFreq_Value,HSE_VALUE,HSI_VALUE,I2SClocksFreq_Value,LSI_VALUE,MCO2PinFreq_Value,PLLCLKFreq_Value,PLLM,PLLN,PLLQCLKFreq_Value,RTCFreq_Value,RTCHSEDivFreq_Value,SYSCLKFreq_VALUE,SYSCLKSource,VCOI2SOutputFreq_Value,VCOInputFreq_Value,VCOOutputFreq_Value,VcooutputI2S
RCC.LSI_VALUE=32000
RCC.MCO2PinFreq_Value=168000000
RCC.PLLCLKFreq_Value=168000000
RCC.PLLM=8
RCC.PLLN=168
RCC.PLLQCLKFreq_Value=84000000
RCC.RTCFreq_Value=32000
RCC.RTCHSEDivFreq_Value=4000000
RCC.SYSCLKFreq_VALUE=168000000
RCC.SYSCLKSource=RCC_SYSCLKSOURCE_PLLCLK
RCC.VCOI2SOutputFreq_Value=384000000
RCC.VCOInputFreq_Value=2000000
RCC.VCOOutputFreq_Value=336000000
RCC.VcooutputI2S=192000000
SH.GPXTI7.0=GPIO_EXTI7
SH.GPXTI7.ConfNb=1
SH.S_TIM13_CH1.0=TIM13_CH1,PWM Generation1 CH1
SH.S_TIM13_CH1.ConfNb=1
SH.S_TIM14_CH1.0=TIM14_CH1,PWM Generation1 CH1
SH.S_TIM14_CH1.ConfNb=1
TIM13.AutoReloadPreload=TIM_AUTORELOAD_PRELOAD_ENABLE
TIM13.Channel=TIM_CHANNEL_1
TIM13.IPParameters=Channel,Prescaler,Period,AutoReloadPreload
TIM13.Period=19999
TIM13.Prescaler=83
TIM14.AutoReloadPreload=TIM_AUTORELOAD_PRELOAD_ENABLE
TIM14.Channel=TIM_CHANNEL_1
TIM14.IPParameters=Channel,Prescaler,Period,OC1Preload_PWM,AutoReloadPreload
TIM14.OC1Preload_PWM=ENABLE
TIM14.Period=19999
TIM14.Prescaler=83
TIM2.IPParameters=Prescaler,Period
TIM2.Period=100000
TIM2.Prescaler=83
UART4.IPParameters=VirtualMode
UART4.VirtualMode=Asynchronous
USART1.IPParameters=VirtualMode
USART1.VirtualMode=VM_ASYNC
VP_FREERTOS_VS_CMSIS_V2.Mode=CMSIS_V2
VP_FREERTOS_VS_CMSIS_V2.Signal=FREERTOS_VS_CMSIS_V2
VP_SYS_VS_tim3.Mode=TIM3
VP_SYS_VS_tim3.Signal=SYS_VS_tim3
VP_TIM13_VS_ClockSourceINT.Mode=Enable_Timer
VP_TIM13_VS_ClockSourceINT.Signal=TIM13_VS_ClockSourceINT
VP_TIM14_VS_ClockSourceINT.Mode=Enable_Timer
VP_TIM14_VS_ClockSourceINT.Signal=TIM14_VS_ClockSourceINT
VP_TIM2_VS_ClockSourceINT.Mode=Internal
VP_TIM2_VS_ClockSourceINT.Signal=TIM2_VS_ClockSourceINT
board=custom
rtos.0.ip=FREERTOS
